
Microsoft Visual Studio Solution File, Format Version 12.00
# Visual Studio Version 16
VisualStudioVersion = 16.0.30011.22
MinimumVisualStudioVersion = 10.0.40219.1
Project("{E24C65DC-7377-472B-9ABA-BC803B73C61A}") = "gridviewTest", "gridviewTest\", "{040AB59A-A371-4FF6-B4CF-D5D153EED351}"
	ProjectSection(WebsiteProperties) = preProject
		TargetFrameworkMoniker = ".NETFramework,Version%3Dv4.7.2"
		Debug.AspNetCompiler.VirtualPath = "/localhost_50385"
		Debug.AspNetCompiler.PhysicalPath = "gridviewTest\"
		Debug.AspNetCompiler.TargetPath = "PrecompiledWeb\localhost_50385\"
		Debug.AspNetCompiler.Updateable = "true"
		Debug.AspNetCompiler.ForceOverwrite = "true"
		Debug.AspNetCompiler.FixedNames = "false"
		Debug.AspNetCompiler.Debug = "True"
		Release.AspNetCompiler.VirtualPath = "/localhost_50385"
		Release.AspNetCompiler.PhysicalPath = "gridviewTest\"
		Release.AspNetCompiler.TargetPath = "PrecompiledWeb\localhost_50385\"
		Release.AspNetCompiler.Updateable = "true"
		Release.AspNetCompiler.ForceOverwrite = "true"
		Release.AspNetCompiler.FixedNames = "false"
		Release.AspNetCompiler.Debug = "False"
		VWDPort = "50385"
		DefaultWebSiteLanguage = "Visual C#"
	EndProjectSection
EndProject
Global
	GlobalSection(SolutionConfigurationPlatforms) = preSolution
		Debug|Any CPU = Debug|Any CPU
	EndGlobalSection
	GlobalSection(ProjectConfigurationPlatforms) = postSolution
		{040AB59A-A371-4FF6-B4CF-D5D153EED351}.Debug|Any CPU.ActiveCfg = Debug|Any CPU
		{040AB59A-A371-4FF6-B4CF-D5D153EED351}.Debug|Any CPU.Build.0 = Debug|Any CPU
	EndGlobalSection
	GlobalSection(SolutionProperties) = preSolution
		HideSolutionNode = FALSE
	EndGlobalSection
	GlobalSection(ExtensibilityGlobals) = postSolution
		SolutionGuid = {D3471D2C-5358-4F7F-B4FE-2D02F0B211BC}
	EndGlobalSection
EndGlobal
